
Microsoft Visual Studio Solution File, Format Version 12.00
# Visual Studio 15
VisualStudioVersion = 15.0.27428.2011
MinimumVisualStudioVersion = 10.0.40219.1
Project("{FAE04EC0-301F-11D3-BF4B-00C04F79EFBC}") = "WpfAppZedgraph", "WpfAppZedgraph\WpfAppZedgraph.csproj", "{39B8CB9A-8B5D-40ED-8860-629B632D464C}"
EndProject
Global
	GlobalSection(SolutionConfigurationPlatforms) = preSolution
		Debug|Any CPU = Debug|Any CPU
		Release|Any CPU = Release|Any CPU
	EndGlobalSection
	GlobalSection(ProjectConfigurationPlatforms) = postSolution
		{39B8CB9A-8B5D-40ED-8860-629B632D464C}.Debug|Any CPU.ActiveCfg = Debug|Any CPU
		{39B8CB9A-8B5D-40ED-8860-629B632D464C}.Debug|Any CPU.Build.0 = Debug|Any CPU
		{39B8CB9A-8B5D-40ED-8860-629B632D464C}.Release|Any CPU.ActiveCfg = Release|Any CPU
		{39B8CB9A-8B5D-40ED-8860-629B632D464C}.Release|Any CPU.Build.0 = Release|Any CPU
	EndGlobalSection
	GlobalSection(SolutionProperties) = preSolution
		HideSolutionNode = FALSE
	EndGlobalSection
	GlobalSection(ExtensibilityGlobals) = postSolution
		SolutionGuid = {4784FC05-D956-4C33-A1F0-B71FC599A588}
	EndGlobalSection
EndGlobal
